
Microsoft Visual Studio Solution File, Format Version 12.00
# Visual Studio Version 17
VisualStudioVersion = 17.7.34003.232
MinimumVisualStudioVersion = 10.0.40219.1
Project("{FAE04EC0-301F-11D3-BF4B-00C04F79EFBC}") = "Samples", "Samples\Samples.csproj", "{63B11900-7469-4A00-B5FA-7B1869DC8E78}"
EndProject
Global
	GlobalSection(SolutionConfigurationPlatforms) = preSolution
		Debug|Any CPU = Debug|Any CPU
		Release|Any CPU = Release|Any CPU
	EndGlobalSection
	GlobalSection(ProjectConfigurationPlatforms) = postSolution
		{63B11900-7469-4A00-B5FA-7B1869DC8E78}.Debug|Any CPU.ActiveCfg = Debug|Any CPU
		{63B11900-7469-4A00-B5FA-7B1869DC8E78}.Debug|Any CPU.Build.0 = Debug|Any CPU
		{63B11900-7469-4A00-B5FA-7B1869DC8E78}.Release|Any CPU.ActiveCfg = Release|Any CPU
		{63B11900-7469-4A00-B5FA-7B1869DC8E78}.Release|Any CPU.Build.0 = Release|Any CPU
	EndGlobalSection
	GlobalSection(SolutionProperties) = preSolution
		HideSolutionNode = FALSE
	EndGlobalSection
	GlobalSection(ExtensibilityGlobals) = postSolution
		SolutionGuid = {8E18E12E-0F9A-4735-8E9F-A3641DB79DB5}
	EndGlobalSection
EndGlobal
